<?xml version="1.0" encoding="utf-8"?>
<Project ToolsVersion="4.0" xmlns="http://schemas.microsoft.com/developer/msbuild/2003">
  <ItemGroup>
    <Filter Include="Source Files">
      <UniqueIdentifier>{4FC737F1-C7A5-4376-A066-2A32D752A2FF}</UniqueIdentifier>
      <Extensions>cpp;c;cc;cxx;def;odl;idl;hpj;bat;asm;asmx</Extensions>
    </Filter>
    <Filter Include="Header Files">
      <UniqueIdentifier>{93995380-89BD-4b04-88EB-625FBE52EBFB}</UniqueIdentifier>
      <Extensions>h;hh;hpp;hxx;hm;inl;inc;ipp;xsd</Extensions>
    </Filter>
    <Filter Include="Resource Files">
      <UniqueIdentifier>{67DA6AB6-F800-4c08-8B7A-83BB121AAD01}</UniqueIdentifier>
      <Extensions>rc;ico;cur;bmp;dlg;rc2;rct;bin;rgs;gif;jpg;jpeg;jpe;resx;tiff;tif;png;wav;mfcribbon-ms</Extensions>
    </Filter>
    <Filter Include="Test_LeetcodeProblems">
      <UniqueIdentifier>{0cbde42f-7e39-412e-830d-e3a1519f52a4}</UniqueIdentifier>
    </Filter>
  </ItemGroup>
  <ItemGroup>
    <ClCompile Include="test_List.cpp">
      <Filter>Source Files</Filter>
    </ClCompile>
    <ClCompile Include="test_Trie.cpp">
      <Filter>Source Files</Filter>
    </ClCompile>
    <ClCompile Include="test_Utils.cpp">
      <Filter>Source Files</Filter>
    </ClCompile>
    <ClCompile Include="test_Heap.cpp">
      <Filter>Source Files</Filter>
    </ClCompile>
    <ClCompile Include="test_BinaryTree.cpp">
      <Filter>Source Files</Filter>
    </ClCompile>
    <ClCompile Include="testmain.cpp">
      <Filter>Source Files</Filter>
    </ClCompile>
    <ClCompile Include="test_CompressString.cpp">
      <Filter>Source Files</Filter>
    </ClCompile>
    <ClCompile Include="test_76M_Minimum_Window_Substring.cpp">
      <Filter>Test_LeetcodeProblems</Filter>
    </ClCompile>
    <ClCompile Include="test_84H_Largest_Rectangle_in_Histogram.cpp">
      <Filter>Test_LeetcodeProblems</Filter>
    </ClCompile>
    <ClCompile Include="test_223M_Rectangle_Area.cpp">
      <Filter>Test_LeetcodeProblems</Filter>
    </ClCompile>
  </ItemGroup>
  <ItemGroup>
    <None Include="..\Minimal.runsettings" />
    <None Include="..\ReferenceTests.runsettings" />
  </ItemGroup>
</Project>