<?xml version="1.0" encoding="utf-8"?>
<Project ToolsVersion="4.0" xmlns="http://schemas.microsoft.com/developer/msbuild/2003">
  <ItemGroup>
    <Filter Include="Source Files">
      <UniqueIdentifier>{4FC737F1-C7A5-4376-A066-2A32D752A2FF}</UniqueIdentifier>
      <Extensions>cpp;c;cc;cxx;def;odl;idl;hpj;bat;asm;asmx</Extensions>
    </Filter>
    <Filter Include="Header Files">
      <UniqueIdentifier>{93995380-89BD-4b04-88EB-625FBE52EBFB}</UniqueIdentifier>
      <Extensions>h;hh;hpp;hxx;hm;inl;inc;ipp;xsd</Extensions>
    </Filter>
    <Filter Include="Resource Files">
      <UniqueIdentifier>{67DA6AB6-F800-4c08-8B7A-83BB121AAD01}</UniqueIdentifier>
      <Extensions>rc;ico;cur;bmp;dlg;rc2;rct;bin;rgs;gif;jpg;jpeg;jpe;resx;tiff;tif;png;wav;mfcribbon-ms</Extensions>
    </Filter>
  </ItemGroup>
  <ItemGroup>
    <ClInclude Include="framework.h">
      <Filter>Header Files</Filter>
    </ClInclude>
    <ClInclude Include="pch.h">
      <Filter>Header Files</Filter>
    </ClInclude>
    <ClInclude Include="76M_Minimum_Window_Substring.h">
      <Filter>Header Files</Filter>
    </ClInclude>
    <ClInclude Include="84H_Largest_Rectangle_in_Histogram.h">
      <Filter>Header Files</Filter>
    </ClInclude>
    <ClInclude Include="223M_Rectangle_Area.h">
      <Filter>Header Files</Filter>
    </ClInclude>
    <ClInclude Include="57H_Insert_Interval.h">
      <Filter>Header Files</Filter>
    </ClInclude>
    <ClInclude Include="953E_Verifying_an_Alien_Dictionary.h">
      <Filter>Header Files</Filter>
    </ClInclude>
    <ClInclude Include="311M_Sparse_Matrix_Multiplication.h">
      <Filter>Header Files</Filter>
    </ClInclude>
    <ClInclude Include="621M_Task_Scheduler.h">
      <Filter>Header Files</Filter>
    </ClInclude>
    <ClInclude Include="415E_Add_Strings.h">
      <Filter>Header Files</Filter>
    </ClInclude>
    <ClInclude Include="989E_Add_to_Array_Form_of_Integer.h">
      <Filter>Header Files</Filter>
    </ClInclude>
    <ClInclude Include="56M_Merge_Intervals.h">
      <Filter>Header Files</Filter>
    </ClInclude>
    <ClInclude Include="273H_Integer_to_English_Words.h">
      <Filter>Header Files</Filter>
    </ClInclude>
  </ItemGroup>
  <ItemGroup>
    <ClCompile Include="LeetcodeProblems.cpp">
      <Filter>Source Files</Filter>
    </ClCompile>
    <ClCompile Include="pch.cpp">
      <Filter>Source Files</Filter>
    </ClCompile>
    <ClCompile Include="76M_Minimum_Window_Substring.cpp">
      <Filter>Source Files</Filter>
    </ClCompile>
    <ClCompile Include="84H_Largest_Rectangle_in_Histogram.cpp">
      <Filter>Source Files</Filter>
    </ClCompile>
    <ClCompile Include="223M_Rectangle_Area.cpp">
      <Filter>Source Files</Filter>
    </ClCompile>
    <ClCompile Include="57H_Insert_Interval.cpp">
      <Filter>Source Files</Filter>
    </ClCompile>
    <ClCompile Include="953E_Verifying_an_Alien_Dictionary.cpp">
      <Filter>Source Files</Filter>
    </ClCompile>
    <ClCompile Include="311M_Sparse_Matrix_Multiplication.cpp">
      <Filter>Source Files</Filter>
    </ClCompile>
    <ClCompile Include="621M_Task_Scheduler.cpp">
      <Filter>Source Files</Filter>
    </ClCompile>
    <ClCompile Include="415E_Add_Strings.cpp">
      <Filter>Source Files</Filter>
    </ClCompile>
    <ClCompile Include="989E_Add_to_Array_Form_of_Integer.cpp">
      <Filter>Source Files</Filter>
    </ClCompile>
    <ClCompile Include="56M_Merge_Intervals.cpp">
      <Filter>Source Files</Filter>
    </ClCompile>
    <ClCompile Include="273H_Integer_to_English_Words.cpp">
      <Filter>Source Files</Filter>
    </ClCompile>
  </ItemGroup>
</Project>